
Microsoft Visual Studio Solution File, Format Version 12.00
# Visual Studio Version 16
VisualStudioVersion = 16.0.31105.61
MinimumVisualStudioVersion = 10.0.40219.1
Project("{FAE04EC0-301F-11D3-BF4B-00C04F79EFBC}") = "ContaLetra", "ContaLetra.csproj", "{AAC6C9D2-FB53-4348-AC6E-C84CE20365BF}"
EndProject
Global
	GlobalSection(SolutionConfigurationPlatforms) = preSolution
		Debug|Any CPU = Debug|Any CPU
		Release|Any CPU = Release|Any CPU
	EndGlobalSection
	GlobalSection(ProjectConfigurationPlatforms) = postSolution
		{AAC6C9D2-FB53-4348-AC6E-C84CE20365BF}.Debug|Any CPU.ActiveCfg = Debug|Any CPU
		{AAC6C9D2-FB53-4348-AC6E-C84CE20365BF}.Debug|Any CPU.Build.0 = Debug|Any CPU
		{AAC6C9D2-FB53-4348-AC6E-C84CE20365BF}.Release|Any CPU.ActiveCfg = Release|Any CPU
		{AAC6C9D2-FB53-4348-AC6E-C84CE20365BF}.Release|Any CPU.Build.0 = Release|Any CPU
	EndGlobalSection
	GlobalSection(SolutionProperties) = preSolution
		HideSolutionNode = FALSE
	EndGlobalSection
	GlobalSection(ExtensibilityGlobals) = postSolution
		SolutionGuid = {41C242D9-A7A8-4F23-BE47-4710D01FCBEA}
	EndGlobalSection
EndGlobal
